# THIS IS AN AUTOGENERATED FILE. DO NOT EDIT THIS FILE DIRECTLY.
# yarn lockfile v1


"@napi-rs/canvas-win32-x64-msvc@0.1.78":
  version "0.1.78"
  resolved "https://registry.npmjs.org/@napi-rs/canvas-win32-x64-msvc/-/canvas-win32-x64-msvc-0.1.78.tgz"
  integrity sha512-/eKlTZBtGUgpRKalzOzRr6h7KVSuziESWXgBcBnXggZmimwIJWPJlEcbrx5Tcwj8rPuZiANXQOG9pPgy9Q4LTQ==

"@napi-rs/canvas@^0.1.50":
  version "0.1.78"
  resolved "https://registry.npmjs.org/@napi-rs/canvas/-/canvas-0.1.78.tgz"
  integrity sha512-YaBHJvT+T1DoP16puvWM6w46Lq3VhwKIJ8th5m1iEJyGh7mibk5dT7flBvMQ1EH1LYmMzXJ+OUhu+8wQ9I6u7g==
  optionalDependencies:
    "@napi-rs/canvas-android-arm64" "0.1.78"
    "@napi-rs/canvas-darwin-arm64" "0.1.78"
    "@napi-rs/canvas-darwin-x64" "0.1.78"
    "@napi-rs/canvas-linux-arm-gnueabihf" "0.1.78"
    "@napi-rs/canvas-linux-arm64-gnu" "0.1.78"
    "@napi-rs/canvas-linux-arm64-musl" "0.1.78"
    "@napi-rs/canvas-linux-riscv64-gnu" "0.1.78"
    "@napi-rs/canvas-linux-x64-gnu" "0.1.78"
    "@napi-rs/canvas-linux-x64-musl" "0.1.78"
    "@napi-rs/canvas-win32-x64-msvc" "0.1.78"

"charenc@>= 0.0.1":
  version "0.0.2"
  resolved "https://registry.npmjs.org/charenc/-/charenc-0.0.2.tgz"
  integrity sha512-yrLQ/yVUFXkzg7EDQsPieE/53+0RlaWTs+wBrvW36cyilJ2SaDWfl4Yj7MtLTXleV9uEKefbAGUPv2/iWSooRA==

"crypt@>= 0.0.1":
  version "0.0.2"
  resolved "https://registry.npmjs.org/crypt/-/crypt-0.0.2.tgz"
  integrity sha512-mCxBlsHFYh9C+HVpiEacem8FEBnMXgU9gy4zmNC+SXAZNB/1idgp/aulFJ4FgCi7GPEVbfyng092GqL2k2rmow==

gif-encoder-2@^1.0.5:
  version "1.0.5"
  resolved "https://registry.npmjs.org/gif-encoder-2/-/gif-encoder-2-1.0.5.tgz"
  integrity sha512-fsRAKbZuUoZ7FYGjpFElmflTkKwsn/CzAmL/xDl4558aTAgysIDCUF6AXWO8dmai/ApfZACbPVAM+vPezJXlFg==

sha1@^1.1.1:
  version "1.1.1"
  resolved "https://registry.npmjs.org/sha1/-/sha1-1.1.1.tgz"
  integrity sha512-dZBS6OrMjtgVkopB1Gmo4RQCDKiZsqcpAQpkV/aaj+FCrCg8r4I4qMkDPQjBgLIxlmu9k4nUbWq6ohXahOneYA==
  dependencies:
    charenc ">= 0.0.1"
    crypt ">= 0.0.1"
